
Microsoft Visual Studio Solution File, Format Version 12.00
# Visual Studio Version 16
VisualStudioVersion = 16.0.28729.10
MinimumVisualStudioVersion = 10.0.40219.1
Project("{FAE04EC0-301F-11D3-BF4B-00C04F79EFBC}") = "Pounds to Kilogram and Vice-versa", "Pounds to Kilogram and Vice-versa\Pounds to Kilogram and Vice-versa.csproj", "{1C0C12FA-BC1A-4B09-BB0B-87BD21734455}"
EndProject
Global
	GlobalSection(SolutionConfigurationPlatforms) = preSolution
		Debug|Any CPU = Debug|Any CPU
		Release|Any CPU = Release|Any CPU
	EndGlobalSection
	GlobalSection(ProjectConfigurationPlatforms) = postSolution
		{1C0C12FA-BC1A-4B09-BB0B-87BD21734455}.Debug|Any CPU.ActiveCfg = Debug|Any CPU
		{1C0C12FA-BC1A-4B09-BB0B-87BD21734455}.Debug|Any CPU.Build.0 = Debug|Any CPU
		{1C0C12FA-BC1A-4B09-BB0B-87BD21734455}.Release|Any CPU.ActiveCfg = Release|Any CPU
		{1C0C12FA-BC1A-4B09-BB0B-87BD21734455}.Release|Any CPU.Build.0 = Release|Any CPU
	EndGlobalSection
	GlobalSection(SolutionProperties) = preSolution
		HideSolutionNode = FALSE
	EndGlobalSection
	GlobalSection(ExtensibilityGlobals) = postSolution
		SolutionGuid = {648413A7-94CA-41D5-A406-757A604F48C3}
	EndGlobalSection
EndGlobal
